
Microsoft Visual Studio Solution File, Format Version 12.00
# Visual Studio Version 16
VisualStudioVersion = 16.0.30002.166
MinimumVisualStudioVersion = 10.0.40219.1
Project("{FAE04EC0-301F-11D3-BF4B-00C04F79EFBC}") = "GameWeb", "GameWeb\GameWeb.csproj", "{F527F89D-A9AB-43B8-9BDC-0D4112CF2029}"
EndProject
Global
	GlobalSection(SolutionConfigurationPlatforms) = preSolution
		Debug|Any CPU = Debug|Any CPU
		Release|Any CPU = Release|Any CPU
	EndGlobalSection
	GlobalSection(ProjectConfigurationPlatforms) = postSolution
		{F527F89D-A9AB-43B8-9BDC-0D4112CF2029}.Debug|Any CPU.ActiveCfg = Debug|Any CPU
		{F527F89D-A9AB-43B8-9BDC-0D4112CF2029}.Debug|Any CPU.Build.0 = Debug|Any CPU
		{F527F89D-A9AB-43B8-9BDC-0D4112CF2029}.Release|Any CPU.ActiveCfg = Release|Any CPU
		{F527F89D-A9AB-43B8-9BDC-0D4112CF2029}.Release|Any CPU.Build.0 = Release|Any CPU
	EndGlobalSection
	GlobalSection(SolutionProperties) = preSolution
		HideSolutionNode = FALSE
	EndGlobalSection
	GlobalSection(ExtensibilityGlobals) = postSolution
		SolutionGuid = {2243061F-201C-4854-A38B-E69A32DB56F0}
	EndGlobalSection
EndGlobal
